
Microsoft Visual Studio Solution File, Format Version 12.00
# Visual Studio Version 16
VisualStudioVersion = 16.0.30717.126
MinimumVisualStudioVersion = 10.0.40219.1
Project("{FAE04EC0-301F-11D3-BF4B-00C04F79EFBC}") = "Xiemaolin.MyCommon.MyCommon", "MyCommon\Xiemaolin.MyCommon.MyCommon.csproj", "{9DD058C4-3E8C-4619-8504-C002F7407218}"
EndProject
Global
	GlobalSection(SolutionConfigurationPlatforms) = preSolution
		Debug|Any CPU = Debug|Any CPU
		Release|Any CPU = Release|Any CPU
	EndGlobalSection
	GlobalSection(ProjectConfigurationPlatforms) = postSolution
		{9DD058C4-3E8C-4619-8504-C002F7407218}.Debug|Any CPU.ActiveCfg = Debug|Any CPU
		{9DD058C4-3E8C-4619-8504-C002F7407218}.Debug|Any CPU.Build.0 = Debug|Any CPU
		{9DD058C4-3E8C-4619-8504-C002F7407218}.Release|Any CPU.ActiveCfg = Release|Any CPU
		{9DD058C4-3E8C-4619-8504-C002F7407218}.Release|Any CPU.Build.0 = Release|Any CPU
	EndGlobalSection
	GlobalSection(SolutionProperties) = preSolution
		HideSolutionNode = FALSE
	EndGlobalSection
	GlobalSection(ExtensibilityGlobals) = postSolution
		SolutionGuid = {BAAAFBCD-69A0-40F2-BDEB-B029DCC124B9}
	EndGlobalSection
EndGlobal
